{
  "nodes": {
    "flake-utils": {
      "inputs": {
        "systems": "systems"
      },
      "locked": {
        "lastModified": 1731533236,
        "narHash": "sha256-l0KFg5HjrsfsO/JpG+r7fRrqm12kzFHyUHqHCVpMMbI=",
        "owner": "numtide",
        "repo": "flake-utils",
        "rev": "11707dc2f618dd54ca8739b309ec4fc024de578b",
        "type": "github"
      },
      "original": {
        "owner": "numtide",
        "repo": "flake-utils",
        "type": "github"
      }
    },
    "lotusim-ui-backend": {
      "inputs": {
        "flake-utils": [
          "lotusim-ui-backend",
          "nix-ros-overlay",
          "flake-utils"
        ],
        "nix-ros-overlay": [
          "nix-ros-overlay"
        ],
        "nixpkgs": [
          "lotusim-ui-backend",
          "nix-ros-overlay",
          "nixpkgs"
        ]
      },
      "locked": {
        "lastModified": 1787291151,
        "narHash": "sha256-pgAIA0n/yVkGUAAKJov9vI25VSA5WaBPvhXZplshnAo=",
        "owner": "naval-group",
        "repo": "LOTUSim-UI-backend",
        "rev": "0861406e54844886f55a03479e59ffbe390bc012",
        "type": "github"
      },
      "original": {
        "owner": "naval-group",
        "repo": "LOTUSim-UI-backend",
        "type": "github"
      }
    },
    "lotusim-ui-frontend": {
      "inputs": {
        "flake-utils": [
          "flake-utils"
        ],
        "nixpkgs": [
          "nixpkgs"
        ]
      },
      "locked": {
        "lastModified": 1787211194,
        "narHash": "sha256-q8MdPyR0wsIYdZGTnmpzXlk86MR7CJsErO7ccnEdDaY=",
        "owner": "naval-group",
        "repo": "LOTUSim-UI-frontend",
        "rev": "5f6775299aa3e9d0bf202445b82e5d5b6c832b0c",
        "type": "github"
      },
      "original": {
        "owner": "naval-group",
        "repo": "LOTUSim-UI-frontend",
        "type": "github"
      }
    },
    "lxdyn": {
      "inputs": {
        "nixpkgs": "nixpkgs",
        "src-boost": "src-boost",
        "src-f2c": "src-f2c",
        "src-googletest": "src-googletest",
        "src-grpc": "src-grpc",
        "src-hdf5": "src-hdf5",
        "src-interfaces": "src-interfaces",
        "src-ssc": "src-ssc",
        "src-stb": "src-stb",
        "src-websocketpp": "src-websocketpp",
        "src-yaml-cpp": "src-yaml-cpp"
      },
      "locked": {
        "lastModified": 1788329882,
        "narHash": "sha256-j/GbeqUdG/UjIPienMfjagQLYrilAdxkpSMeVqn9/LI=",
        "owner": "naval-group",
        "repo": "lxdyn",
        "rev": "363668b2b1f97e3177d2d617586fee6c4a727262",
        "type": "github"
      },
      "original": {
        "owner": "naval-group",
        "repo": "lxdyn",
        "type": "github"
      }
    },
    "nix-ros-overlay": {
      "inputs": {
        "flake-utils": "flake-utils",
        "nixpkgs": "nixpkgs_2",
        "rosdistro": "rosdistro"
      },
      "locked": {
        "lastModified": 1785606873,
        "narHash": "sha256-B4+EVJ+D1bKbIzQxdbOJuU/l7y9tJg1dHNAUyO6MQyg=",
        "owner": "lopsided98",
        "repo": "nix-ros-overlay",
        "rev": "2004728f9f450421c9d44b62d6c707a5834139bb",
        "type": "github"
      },
      "original": {
        "owner": "lopsided98",
        "ref": "master",
        "repo": "nix-ros-overlay",
        "type": "github"
      }
    },
    "nixpkgs": {
      "locked": {
        "lastModified": 1785090369,
        "narHash": "sha256-m0pDuRJG7EDo9ri+4Ksu83VsI+PlxNC9lNBfydejce4=",
        "owner": "NixOS",
        "repo": "nixpkgs",
        "rev": "624af665418d3c65d544145b4d34ad696439570e",
        "type": "github"
      },
      "original": {
        "owner": "NixOS",
        "ref": "nixos-unstable",
        "repo": "nixpkgs",
        "type": "github"
      }
    },
    "nixpkgs_2": {
      "locked": {
        "lastModified": 1782723713,
        "narHash": "sha256-oPXCU/SSUokcGaJREHibG1CBX3+s/W7orDWQOZDsEeQ=",
        "owner": "NixOS",
        "repo": "nixpkgs",
        "rev": "b5aa0fbd538984f6e3d201be0005b4463d8b09f8",
        "type": "github"
      },
      "original": {
        "owner": "NixOS",
        "ref": "nixos-unstable",
        "repo": "nixpkgs",
        "type": "github"
      }
    },
    "root": {
      "inputs": {
        "flake-utils": [
          "nix-ros-overlay",
          "flake-utils"
        ],
        "lotusim-ui-backend": "lotusim-ui-backend",
        "lotusim-ui-frontend": "lotusim-ui-frontend",
        "lxdyn": "lxdyn",
        "nix-ros-overlay": "nix-ros-overlay",
        "nixpkgs": [
          "nix-ros-overlay",
          "nixpkgs"
        ]
      }
    },
    "rosdistro": {
      "flake": false,
      "locked": {
        "lastModified": 1785506537,
        "narHash": "sha256-F/E9AWF3V2coFM0tz8Rpgjs7KZELZ617OUrfiF5Tb3I=",
        "owner": "ros",
        "repo": "rosdistro",
        "rev": "16a90886be745b6ec535942294969c2228a8c59a",
        "type": "github"
      },
      "original": {
        "owner": "ros",
        "repo": "rosdistro",
        "type": "github"
      }
    },
    "src-boost": {
      "flake": false,
      "locked": {
        "lastModified": 1754508366,
        "narHash": "sha256-0BvLUfw1CiWBPbonT7hn4fZPfmbRulWL3txR3ewOpRg=",
        "type": "tarball",
        "url": "https://archives.boost.io/release/1.89.0/source/boost_1_89_0.tar.bz2"
      },
      "original": {
        "type": "tarball",
        "url": "https://archives.boost.io/release/1.89.0/source/boost_1_89_0.tar.bz2"
      }
    },
    "src-f2c": {
      "flake": false,
      "locked": {
        "lastModified": 1479731186,
        "narHash": "sha256-W+WGamktJJB3X08bw5ws+XFwt+A1l6xwdgSd86jBht8=",
        "ref": "refs/tags/v1.0.0",
        "rev": "844703f7eff4c533bb147931bffe914b3345ef4d",
        "revCount": 1,
        "type": "git",
        "url": "https://gitlab.com/sirehna_naval_group/ThirdParty/f2c.git"
      },
      "original": {
        "ref": "refs/tags/v1.0.0",
        "rev": "844703f7eff4c533bb147931bffe914b3345ef4d",
        "type": "git",
        "url": "https://gitlab.com/sirehna_naval_group/ThirdParty/f2c.git"
      }
    },
    "src-googletest": {
      "flake": false,
      "locked": {
        "lastModified": 1722432886,
        "narHash": "sha256-1OJ2SeSscRBNr7zZ/a8bJGIqAnhkg45re0j3DtPfcXM=",
        "owner": "google",
        "repo": "googletest",
        "rev": "b514bdc898e2951020cbdca1304b75f5950d1f59",
        "type": "github"
      },
      "original": {
        "owner": "google",
        "ref": "v1.15.2",
        "repo": "googletest",
        "type": "github"
      }
    },
    "src-grpc": {
      "flake": false,
      "locked": {
        "lastModified": 1771503333,
        "narHash": "sha256-+AF3JvZo+LbBwqtPM5mWFwg+btk+BySe4TiGmoK6vMs=",
        "ref": "refs/tags/v1.78.1",
        "rev": "5b6492ea90b2b867a6adad1b10a6edda28e860d1",
        "revCount": 57821,
        "submodules": true,
        "type": "git",
        "url": "https://github.com/grpc/grpc"
      },
      "original": {
        "ref": "refs/tags/v1.78.1",
        "submodules": true,
        "type": "git",
        "url": "https://github.com/grpc/grpc"
      }
    },
    "src-hdf5": {
      "flake": false,
      "locked": {
        "lastModified": 1738706505,
        "narHash": "sha256-mJTax+VWAL3Amkq3Ij8fxazY2nfpMOTxYMUQlTvY/rg=",
        "owner": "HDFGroup",
        "repo": "hdf5",
        "rev": "7bf340440909d468dbb3cf41f0ea0d87f5050cea",
        "type": "github"
      },
      "original": {
        "owner": "HDFGroup",
        "ref": "hdf5_1.14.6",
        "repo": "hdf5",
        "type": "github"
      }
    },
    "src-interfaces": {
      "flake": false,
      "locked": {
        "lastModified": 1661966030,
        "narHash": "sha256-6pcNu8+9NLppeTzGIIPNxKeDRvrJusahClQtJlwNH7o=",
        "owner": "naval-group",
        "repo": "interfaces",
        "rev": "5a3b79e3cc6c2a5c29f81d0316c0daa3d11f40d5",
        "type": "github"
      },
      "original": {
        "owner": "naval-group",
        "repo": "interfaces",
        "rev": "5a3b79e3cc6c2a5c29f81d0316c0daa3d11f40d5",
        "type": "github"
      }
    },
    "src-ssc": {
      "flake": false,
      "locked": {
        "lastModified": 1662567726,
        "narHash": "sha256-5Pce4lFne/sEL2JDe0xFh4v9jfKVAFDTHsx+uGbMcek=",
        "owner": "naval-group",
        "repo": "scientific_computing",
        "rev": "690f80f6a065dbea65d9423d03c96b3a50ebb1b5",
        "type": "github"
      },
      "original": {
        "owner": "naval-group",
        "repo": "scientific_computing",
        "rev": "690f80f6a065dbea65d9423d03c96b3a50ebb1b5",
        "type": "github"
      }
    },
    "src-stb": {
      "flake": false,
      "locked": {
        "lastModified": 1785652929,
        "narHash": "sha256-vA5RZLte4gf5/NkbWT3VNzGVD04kyVTHPeEZwxNnxi0=",
        "owner": "nothings",
        "repo": "stb",
        "rev": "2c980bb59875b0d32144a71867fbdebb2f77cd20",
        "type": "github"
      },
      "original": {
        "owner": "nothings",
        "repo": "stb",
        "rev": "2c980bb59875b0d32144a71867fbdebb2f77cd20",
        "type": "github"
      }
    },
    "src-websocketpp": {
      "flake": false,
      "locked": {
        "lastModified": 1771519395,
        "narHash": "sha256-UXcn1ADnwhW6fBsV+btFRlaKJX1e2HrqPl24P30ZPyI=",
        "owner": "LocutusOfBorg",
        "repo": "websocketpp",
        "rev": "67405e1ab225f20835e4086f89b54b805dd43bae",
        "type": "github"
      },
      "original": {
        "owner": "LocutusOfBorg",
        "repo": "websocketpp",
        "rev": "67405e1ab225f20835e4086f89b54b805dd43bae",
        "type": "github"
      }
    },
    "src-yaml-cpp": {
      "flake": false,
      "locked": {
        "lastModified": 1770236785,
        "narHash": "sha256-+FOsPQY44h1g9tEw3O281LkiYKXdW2jnFKw+oTRkhGw=",
        "owner": "jbeder",
        "repo": "yaml-cpp",
        "rev": "56e3bb550c91fd7005566f19c079cb7a503223cf",
        "type": "github"
      },
      "original": {
        "owner": "jbeder",
        "ref": "yaml-cpp-0.9.0",
        "repo": "yaml-cpp",
        "type": "github"
      }
    },
    "systems": {
      "locked": {
        "lastModified": 1681028828,
        "narHash": "sha256-Vy1rq5AaRuLzOxct8nz4T6wlgyUR7zLU309k9mBC768=",
        "owner": "nix-systems",
        "repo": "default",
        "rev": "da67096a3b9bf56a91d16901293e51ba5b49a27e",
        "type": "github"
      },
      "original": {
        "owner": "nix-systems",
        "repo": "default",
        "type": "github"
      }
    }
  },
  "root": "root",
  "version": 7
}
